
Microsoft Visual Studio Solution File, Format Version 12.00
# Visual Studio 2012
Project("{FAE04EC0-301F-11D3-BF4B-00C04F79EFBC}") = "EasyUITest", "EasyUITest\EasyUITest.csproj", "{7F4B3DC4-95C6-49C6-8BE3-8F4D59E7BE78}"
EndProject
Global
	GlobalSection(SolutionConfigurationPlatforms) = preSolution
		Debug|Any CPU = Debug|Any CPU
		Release|Any CPU = Release|Any CPU
	EndGlobalSection
	GlobalSection(ProjectConfigurationPlatforms) = postSolution
		{7F4B3DC4-95C6-49C6-8BE3-8F4D59E7BE78}.Debug|Any CPU.ActiveCfg = Debug|Any CPU
		{7F4B3DC4-95C6-49C6-8BE3-8F4D59E7BE78}.Debug|Any CPU.Build.0 = Debug|Any CPU
		{7F4B3DC4-95C6-49C6-8BE3-8F4D59E7BE78}.Release|Any CPU.ActiveCfg = Release|Any CPU
		{7F4B3DC4-95C6-49C6-8BE3-8F4D59E7BE78}.Release|Any CPU.Build.0 = Release|Any CPU
	EndGlobalSection
	GlobalSection(SolutionProperties) = preSolution
		HideSolutionNode = FALSE
	EndGlobalSection
EndGlobal
